
Microsoft Visual Studio Solution File, Format Version 12.00
# Visual Studio Version 17
VisualStudioVersion = 17.1.32210.238
MinimumVisualStudioVersion = 10.0.40219.1
Project("{9A19103F-16F7-4668-BE54-9A1E7A4F7556}") = "PetPal-Api", "PetPal-Api\PetPal-Api.csproj", "{B378B678-DDFC-4D50-A62A-56620758E94D}"
EndProject
Project("{9A19103F-16F7-4668-BE54-9A1E7A4F7556}") = "PetPal-DataAccess", "PetPal-DataAccess\PetPal-DataAccess.csproj", "{444F2C74-2FF9-464A-BA39-0E6B6C919447}"
EndProject
Project("{9A19103F-16F7-4668-BE54-9A1E7A4F7556}") = "PetPal-Business", "PetPal-Business\PetPal-Business.csproj", "{CE6CDB0A-4256-438B-A3D0-546DBD40A165}"
EndProject
Project("{FAE04EC0-301F-11D3-BF4B-00C04F79EFBC}") = "PetPal-Model", "PetPal-Model\PetPal-Model.csproj", "{43442F05-0FA1-4572-9CB1-D92C42530C5A}"
EndProject
Project("{FAE04EC0-301F-11D3-BF4B-00C04F79EFBC}") = "PetPal-Logic", "PetPal-Logic\PetPal-Logic.csproj", "{4488D148-3CA7-443F-92D7-70D4353F46D6}"
EndProject
Global
	GlobalSection(SolutionConfigurationPlatforms) = preSolution
		Debug|Any CPU = Debug|Any CPU
		Release|Any CPU = Release|Any CPU
	EndGlobalSection
	GlobalSection(ProjectConfigurationPlatforms) = postSolution
		{B378B678-DDFC-4D50-A62A-56620758E94D}.Debug|Any CPU.ActiveCfg = Debug|Any CPU
		{B378B678-DDFC-4D50-A62A-56620758E94D}.Debug|Any CPU.Build.0 = Debug|Any CPU
		{B378B678-DDFC-4D50-A62A-56620758E94D}.Release|Any CPU.ActiveCfg = Release|Any CPU
		{B378B678-DDFC-4D50-A62A-56620758E94D}.Release|Any CPU.Build.0 = Release|Any CPU
		{444F2C74-2FF9-464A-BA39-0E6B6C919447}.Debug|Any CPU.ActiveCfg = Debug|Any CPU
		{444F2C74-2FF9-464A-BA39-0E6B6C919447}.Debug|Any CPU.Build.0 = Debug|Any CPU
		{444F2C74-2FF9-464A-BA39-0E6B6C919447}.Release|Any CPU.ActiveCfg = Release|Any CPU
		{444F2C74-2FF9-464A-BA39-0E6B6C919447}.Release|Any CPU.Build.0 = Release|Any CPU
		{CE6CDB0A-4256-438B-A3D0-546DBD40A165}.Debug|Any CPU.ActiveCfg = Debug|Any CPU
		{CE6CDB0A-4256-438B-A3D0-546DBD40A165}.Debug|Any CPU.Build.0 = Debug|Any CPU
		{CE6CDB0A-4256-438B-A3D0-546DBD40A165}.Release|Any CPU.ActiveCfg = Release|Any CPU
		{CE6CDB0A-4256-438B-A3D0-546DBD40A165}.Release|Any CPU.Build.0 = Release|Any CPU
		{43442F05-0FA1-4572-9CB1-D92C42530C5A}.Debug|Any CPU.ActiveCfg = Debug|Any CPU
		{43442F05-0FA1-4572-9CB1-D92C42530C5A}.Debug|Any CPU.Build.0 = Debug|Any CPU
		{43442F05-0FA1-4572-9CB1-D92C42530C5A}.Release|Any CPU.ActiveCfg = Release|Any CPU
		{43442F05-0FA1-4572-9CB1-D92C42530C5A}.Release|Any CPU.Build.0 = Release|Any CPU
		{4488D148-3CA7-443F-92D7-70D4353F46D6}.Debug|Any CPU.ActiveCfg = Debug|Any CPU
		{4488D148-3CA7-443F-92D7-70D4353F46D6}.Debug|Any CPU.Build.0 = Debug|Any CPU
		{4488D148-3CA7-443F-92D7-70D4353F46D6}.Release|Any CPU.ActiveCfg = Release|Any CPU
		{4488D148-3CA7-443F-92D7-70D4353F46D6}.Release|Any CPU.Build.0 = Release|Any CPU
	EndGlobalSection
	GlobalSection(SolutionProperties) = preSolution
		HideSolutionNode = FALSE
	EndGlobalSection
	GlobalSection(ExtensibilityGlobals) = postSolution
		SolutionGuid = {669C7ED7-6938-4090-98BA-70E74AD32625}
	EndGlobalSection
EndGlobal
